
Microsoft Visual Studio Solution File, Format Version 12.00
# Visual Studio Version 16
VisualStudioVersion = 16.0.29411.108
MinimumVisualStudioVersion = 10.0.40219.1
Project("{F184B08F-C81C-45F6-A57F-5ABD9991F28F}") = "Snic se hetshowrts", "Snic se hetshowrts.vbproj", "{4A667CCE-BD75-4802-94FE-3D927CC43313}"
EndProject
Global
	GlobalSection(SolutionConfigurationPlatforms) = preSolution
		Debug|Any CPU = Debug|Any CPU
		Release|Any CPU = Release|Any CPU
	EndGlobalSection
	GlobalSection(ProjectConfigurationPlatforms) = postSolution
		{4A667CCE-BD75-4802-94FE-3D927CC43313}.Debug|Any CPU.ActiveCfg = Debug|Any CPU
		{4A667CCE-BD75-4802-94FE-3D927CC43313}.Debug|Any CPU.Build.0 = Debug|Any CPU
		{4A667CCE-BD75-4802-94FE-3D927CC43313}.Release|Any CPU.ActiveCfg = Release|Any CPU
		{4A667CCE-BD75-4802-94FE-3D927CC43313}.Release|Any CPU.Build.0 = Release|Any CPU
	EndGlobalSection
	GlobalSection(SolutionProperties) = preSolution
		HideSolutionNode = FALSE
	EndGlobalSection
	GlobalSection(ExtensibilityGlobals) = postSolution
		SolutionGuid = {FD7E891E-F09B-4634-89A2-02EF9E74660F}
	EndGlobalSection
EndGlobal
